
Microsoft Visual Studio Solution File, Format Version 12.00
# Visual Studio Version 16
VisualStudioVersion = 16.0.30804.86
MinimumVisualStudioVersion = 10.0.40219.1
Project("{FAE04EC0-301F-11D3-BF4B-00C04F79EFBC}") = "OOP2", "OOP2\OOP2.csproj", "{DA385349-9553-485C-ACCD-35C446E47403}"
EndProject
Project("{FAE04EC0-301F-11D3-BF4B-00C04F79EFBC}") = "OOP3", "OOP3\OOP3.csproj", "{C49F4450-6C1C-40D7-9749-074A4278E2B8}"
EndProject
Global
	GlobalSection(SolutionConfigurationPlatforms) = preSolution
		Debug|Any CPU = Debug|Any CPU
		Release|Any CPU = Release|Any CPU
	EndGlobalSection
	GlobalSection(ProjectConfigurationPlatforms) = postSolution
		{DA385349-9553-485C-ACCD-35C446E47403}.Debug|Any CPU.ActiveCfg = Debug|Any CPU
		{DA385349-9553-485C-ACCD-35C446E47403}.Debug|Any CPU.Build.0 = Debug|Any CPU
		{DA385349-9553-485C-ACCD-35C446E47403}.Release|Any CPU.ActiveCfg = Release|Any CPU
		{DA385349-9553-485C-ACCD-35C446E47403}.Release|Any CPU.Build.0 = Release|Any CPU
		{C49F4450-6C1C-40D7-9749-074A4278E2B8}.Debug|Any CPU.ActiveCfg = Debug|Any CPU
		{C49F4450-6C1C-40D7-9749-074A4278E2B8}.Debug|Any CPU.Build.0 = Debug|Any CPU
		{C49F4450-6C1C-40D7-9749-074A4278E2B8}.Release|Any CPU.ActiveCfg = Release|Any CPU
		{C49F4450-6C1C-40D7-9749-074A4278E2B8}.Release|Any CPU.Build.0 = Release|Any CPU
	EndGlobalSection
	GlobalSection(SolutionProperties) = preSolution
		HideSolutionNode = FALSE
	EndGlobalSection
	GlobalSection(ExtensibilityGlobals) = postSolution
		SolutionGuid = {3AD85637-A2CD-4738-AE69-C44901433619}
	EndGlobalSection
EndGlobal
